// !$*UTF8*$!
{
	archiveVersion = 1;
	classes = {
	};
	objectVersion = 51;
	objects = {

/* Begin PBXBuildFile section */
		04759FCF1AAF4A859C4E25FF /* SimpleLineIcons.ttf in Resources */ = {isa = PBXBuildFile; fileRef = 36AA07AC67674B16849DBD34 /* SimpleLineIcons.ttf */; };
		13B07FBC1A68108700A75B9A /* AppDelegate.m in Sources */ = {isa = PBXBuildFile; fileRef = 13B07FB01A68108700A75B9A /* AppDelegate.m */; };
		13B07FBF1A68108700A75B9A /* Images.xcassets in Resources */ = {isa = PBXBuildFile; fileRef = 13B07FB51A68108700A75B9A /* Images.xcassets */; };
		13B07FC11A68108700A75B9A /* main.m in Sources */ = {isa = PBXBuildFile; fileRef = 13B07FB71A68108700A75B9A /* main.m */; };
		158329A421AC3DF800AB3794 /* InfoPlist.strings in Resources */ = {isa = PBXBuildFile; fileRef = 158329A621AC3DF800AB3794 /* InfoPlist.strings */; };
		1587E304215A6AF500350ADF /* Social.framework in Frameworks */ = {isa = PBXBuildFile; fileRef = 1587E303215A6AF500350ADF /* Social.framework */; };
		2B1B95D5877145BEBBC5BE4E /* FontAwesome.ttf in Resources */ = {isa = PBXBuildFile; fileRef = AF8297859AC940B29F59C410 /* FontAwesome.ttf */; };
		3257B2A2212470C600D80C7E /* GoogleService-Info.plist in Resources */ = {isa = PBXBuildFile; fileRef = 3257B2A1212470C600D80C7E /* GoogleService-Info.plist */; };
		326FB575210220B50027636E /* RNBackgroundFetch+AppDelegate.m in Sources */ = {isa = PBXBuildFile; fileRef = 326FB54D210220B50027636E /* RNBackgroundFetch+AppDelegate.m */; };
		32C5254C2109F3E1002525F2 /* Launch Screen.storyboard in Resources */ = {isa = PBXBuildFile; fileRef = 32C5254B2109F3E1002525F2 /* Launch Screen.storyboard */; };
		3396C63851854659A5B29DDB /* Octicons.ttf in Resources */ = {isa = PBXBuildFile; fileRef = 1588F5B983604D61AA4836C5 /* Octicons.ttf */; };
		42F60399E8384E599979D1F5 /* Rubik-Regular.ttf in Resources */ = {isa = PBXBuildFile; fileRef = 5EA51E44F8B74DBCB63351C2 /* Rubik-Regular.ttf */; };
		461014632EC84CB6827E3933 /* Rubik-LightItalic.ttf in Resources */ = {isa = PBXBuildFile; fileRef = 511814A1532F4C6BA4A83A76 /* Rubik-LightItalic.ttf */; };
		46A93BD644D247FBAAD3BEB7 /* Foundation.ttf in Resources */ = {isa = PBXBuildFile; fileRef = 097E387202BC41D1AFF466FF /* Foundation.ttf */; };
		4AB58759998A4713A6227782 /* Rubik-MediumItalic.ttf in Resources */ = {isa = PBXBuildFile; fileRef = 832D9BA8AE8B4022A983881C /* Rubik-MediumItalic.ttf */; };
		4D2A64F4C2A248D88CFC0A6A /* Zocial.ttf in Resources */ = {isa = PBXBuildFile; fileRef = C00A89E4DBAE4BB288A969E7 /* Zocial.ttf */; };
		55914A7329C04672BEE60F2A /* Entypo.ttf in Resources */ = {isa = PBXBuildFile; fileRef = A0FEAF16BB0F46A2857876ED /* Entypo.ttf */; };
		5745E982AA794FEDBC46D090 /* Roboto_medium.ttf in Resources */ = {isa = PBXBuildFile; fileRef = 4DE00973334F4E50B322019E /* Roboto_medium.ttf */; };
		67D70D34036643328D880D4A /* Roboto.ttf in Resources */ = {isa = PBXBuildFile; fileRef = 3120522DDF2C45489C57F56E /* Roboto.ttf */; };
		7747F44ED10349ABAF72FF9D /* MaterialIcons.ttf in Resources */ = {isa = PBXBuildFile; fileRef = 980D170C751B492D8F80F736 /* MaterialIcons.ttf */; };
		8B21EE2BCF8E487CB6E0E75D /* EvilIcons.ttf in Resources */ = {isa = PBXBuildFile; fileRef = E491EBD0C6894115A34FC58D /* EvilIcons.ttf */; };
		A5A389192237DF5600F9C812 /* quest_fail.wav in Resources */ = {isa = PBXBuildFile; fileRef = A5A389162237DF5500F9C812 /* quest_fail.wav */; };
		A5A3891A2237DF5600F9C812 /* clock_tick.wav in Resources */ = {isa = PBXBuildFile; fileRef = A5A389172237DF5500F9C812 /* clock_tick.wav */; };
		A5A3891B2237DF5600F9C812 /* quest_complete.mp3 in Resources */ = {isa = PBXBuildFile; fileRef = A5A389182237DF5500F9C812 /* quest_complete.mp3 */; };
		ADBFF13315CE4A06BFD3F0CF /* MaterialCommunityIcons.ttf in Resources */ = {isa = PBXBuildFile; fileRef = FE96AE24F2BF49D5BCC51106 /* MaterialCommunityIcons.ttf */; };
		B492E2CA7AA8454B9321BB7D /* Rubik-BlackItalic.ttf in Resources */ = {isa = PBXBuildFile; fileRef = B15CEB4AB522451A8CD8BB46 /* Rubik-BlackItalic.ttf */; };
		C04B1BD456B44B069A334A9D /* Rubik-Black.ttf in Resources */ = {isa = PBXBuildFile; fileRef = 1D6C6FE612DB45F8B98D4BD1 /* Rubik-Black.ttf */; };
		C5C3990C69A946568D2E53CC /* Ionicons.ttf in Resources */ = {isa = PBXBuildFile; fileRef = BA5772EDC44846D79BA3590D /* Ionicons.ttf */; };
		C96BA15EE702A2320F8B9EB0 /* libPods-EpocketCash.a in Frameworks */ = {isa = PBXBuildFile; fileRef = 8D61ABB3D4EC7BD0D4B9E77D /* libPods-EpocketCash.a */; };
		D186B0D9E0CA4FDEB28209C5 /* Rubik-Italic.ttf in Resources */ = {isa = PBXBuildFile; fileRef = 332A185408DB465EBFE63613 /* Rubik-Italic.ttf */; };
		D1D7BB474BAB4761B23CA444 /* Rubik-Light.ttf in Resources */ = {isa = PBXBuildFile; fileRef = 50FB5C25F8CC4361A2F610B8 /* Rubik-Light.ttf */; };
		F631691D8B4F45E294C20079 /* Rubik-BoldItalic.ttf in Resources */ = {isa = PBXBuildFile; fileRef = 3AFA52E8249C4D02BF040A96 /* Rubik-BoldItalic.ttf */; };
		F7CDE7A7791C48F590CB09A3 /* Rubik-Bold.ttf in Resources */ = {isa = PBXBuildFile; fileRef = D96D77508BC148399D51CF35 /* Rubik-Bold.ttf */; };
		F93875B93B074B6A8E129D06 /* Rubik-Medium.ttf in Resources */ = {isa = PBXBuildFile; fileRef = 2F77CBA48CBE4BE0AD3EA923 /* Rubik-Medium.ttf */; };
/* End PBXBuildFile section */

/* Begin PBXFileReference section */
		097E387202BC41D1AFF466FF /* Foundation.ttf */ = {isa = PBXFileReference; explicitFileType = undefined; fileEncoding = 9; includeInIndex = 0; lastKnownFileType = unknown; name = Foundation.ttf; path = "../node_modules/native-base/Fonts/Foundation.ttf"; sourceTree = "<group>"; };
		13B07F961A680F5B00A75B9A /* EpocketCash.app */ = {isa = PBXFileReference; explicitFileType = wrapper.application; includeInIndex = 0; path = EpocketCash.app; sourceTree = BUILT_PRODUCTS_DIR; };
		13B07FAF1A68108700A75B9A /* AppDelegate.h */ = {isa = PBXFileReference; fileEncoding = 4; lastKnownFileType = sourcecode.c.h; name = AppDelegate.h; path = EpocketCash/AppDelegate.h; sourceTree = "<group>"; };
		13B07FB01A68108700A75B9A /* AppDelegate.m */ = {isa = PBXFileReference; fileEncoding = 4; lastKnownFileType = sourcecode.c.objc; name = AppDelegate.m; path = EpocketCash/AppDelegate.m; sourceTree = "<group>"; };
		13B07FB51A68108700A75B9A /* Images.xcassets */ = {isa = PBXFileReference; lastKnownFileType = folder.assetcatalog; name = Images.xcassets; path = EpocketCash/Images.xcassets; sourceTree = "<group>"; };
		13B07FB61A68108700A75B9A /* Info.plist */ = {isa = PBXFileReference; fileEncoding = 4; lastKnownFileType = text.plist.xml; name = Info.plist; path = EpocketCash/Info.plist; sourceTree = "<group>"; };
		13B07FB71A68108700A75B9A /* main.m */ = {isa = PBXFileReference; fileEncoding = 4; lastKnownFileType = sourcecode.c.objc; name = main.m; path = EpocketCash/main.m; sourceTree = "<group>"; };
		158329A521AC3DF800AB3794 /* en */ = {isa = PBXFileReference; lastKnownFileType = text.plist.strings; name = en; path = en.lproj/InfoPlist.strings; sourceTree = "<group>"; };
		158329A721AC3E0000AB3794 /* ru */ = {isa = PBXFileReference; lastKnownFileType = text.plist.strings; name = ru; path = ru.lproj/InfoPlist.strings; sourceTree = "<group>"; };
		1587E303215A6AF500350ADF /* Social.framework */ = {isa = PBXFileReference; lastKnownFileType = wrapper.framework; name = Social.framework; path = System/Library/Frameworks/Social.framework; sourceTree = SDKROOT; };
		1587E305215A6B0100350ADF /* MessageUI.framework */ = {isa = PBXFileReference; lastKnownFileType = wrapper.framework; name = MessageUI.framework; path = System/Library/Frameworks/MessageUI.framework; sourceTree = SDKROOT; };
		1588F5B983604D61AA4836C5 /* Octicons.ttf */ = {isa = PBXFileReference; explicitFileType = undefined; fileEncoding = 9; includeInIndex = 0; lastKnownFileType = unknown; name = Octicons.ttf; path = "../node_modules/native-base/Fonts/Octicons.ttf"; sourceTree = "<group>"; };
		1D6C6FE612DB45F8B98D4BD1 /* Rubik-Black.ttf */ = {isa = PBXFileReference; explicitFileType = undefined; fileEncoding = 9; includeInIndex = 0; lastKnownFileType = unknown; name = "Rubik-Black.ttf"; path = "../src/assets/fonts/Rubik/Rubik-Black.ttf"; sourceTree = "<group>"; };
		2F77CBA48CBE4BE0AD3EA923 /* Rubik-Medium.ttf */ = {isa = PBXFileReference; explicitFileType = undefined; fileEncoding = 9; includeInIndex = 0; lastKnownFileType = unknown; name = "Rubik-Medium.ttf"; path = "../src/assets/fonts/Rubik/Rubik-Medium.ttf"; sourceTree = "<group>"; };
		3120522DDF2C45489C57F56E /* Roboto.ttf */ = {isa = PBXFileReference; explicitFileType = undefined; fileEncoding = 9; includeInIndex = 0; lastKnownFileType = unknown; name = Roboto.ttf; path = "../node_modules/native-base/Fonts/Roboto.ttf"; sourceTree = "<group>"; };
		32553F1E211C0FA2003226A8 /* EpocketCash.entitlements */ = {isa = PBXFileReference; lastKnownFileType = text.plist.entitlements; name = EpocketCash.entitlements; path = EpocketCash/EpocketCash.entitlements; sourceTree = "<group>"; };
		3257B2A1212470C600D80C7E /* GoogleService-Info.plist */ = {isa = PBXFileReference; fileEncoding = 4; lastKnownFileType = text.plist.xml; name = "GoogleService-Info.plist"; path = "EpocketCash/GoogleService-Info.plist"; sourceTree = "<group>"; };
		326FB54D210220B50027636E /* RNBackgroundFetch+AppDelegate.m */ = {isa = PBXFileReference; fileEncoding = 4; lastKnownFileType = sourcecode.c.objc; name = "RNBackgroundFetch+AppDelegate.m"; path = "../node_modules/react-native-background-fetch/ios/RNBackgroundFetch/RNBackgroundFetch+AppDelegate.m"; sourceTree = "<group>"; };
		32C5254B2109F3E1002525F2 /* Launch Screen.storyboard */ = {isa = PBXFileReference; lastKnownFileType = file.storyboard; path = "Launch Screen.storyboard"; sourceTree = "<group>"; };
		332A185408DB465EBFE63613 /* Rubik-Italic.ttf */ = {isa = PBXFileReference; explicitFileType = undefined; fileEncoding = 9; includeInIndex = 0; lastKnownFileType = unknown; name = "Rubik-Italic.ttf"; path = "../src/assets/fonts/Rubik/Rubik-Italic.ttf"; sourceTree = "<group>"; };
		36AA07AC67674B16849DBD34 /* SimpleLineIcons.ttf */ = {isa = PBXFileReference; explicitFileType = undefined; fileEncoding = 9; includeInIndex = 0; lastKnownFileType = unknown; name = SimpleLineIcons.ttf; path = "../node_modules/native-base/Fonts/SimpleLineIcons.ttf"; sourceTree = "<group>"; };
		3AFA52E8249C4D02BF040A96 /* Rubik-BoldItalic.ttf */ = {isa = PBXFileReference; explicitFileType = undefined; fileEncoding = 9; includeInIndex = 0; lastKnownFileType = unknown; name = "Rubik-BoldItalic.ttf"; path = "../src/assets/fonts/Rubik/Rubik-BoldItalic.ttf"; sourceTree = "<group>"; };
		4DE00973334F4E50B322019E /* Roboto_medium.ttf */ = {isa = PBXFileReference; explicitFileType = undefined; fileEncoding = 9; includeInIndex = 0; lastKnownFileType = unknown; name = Roboto_medium.ttf; path = "../node_modules/native-base/Fonts/Roboto_medium.ttf"; sourceTree = "<group>"; };
		50FB5C25F8CC4361A2F610B8 /* Rubik-Light.ttf */ = {isa = PBXFileReference; explicitFileType = undefined; fileEncoding = 9; includeInIndex = 0; lastKnownFileType = unknown; name = "Rubik-Light.ttf"; path = "../src/assets/fonts/Rubik/Rubik-Light.ttf"; sourceTree = "<group>"; };
		511814A1532F4C6BA4A83A76 /* Rubik-LightItalic.ttf */ = {isa = PBXFileReference; explicitFileType = undefined; fileEncoding = 9; includeInIndex = 0; lastKnownFileType = unknown; name = "Rubik-LightItalic.ttf"; path = "../src/assets/fonts/Rubik/Rubik-LightItalic.ttf"; sourceTree = "<group>"; };
		5EA51E44F8B74DBCB63351C2 /* Rubik-Regular.ttf */ = {isa = PBXFileReference; explicitFileType = undefined; fileEncoding = 9; includeInIndex = 0; lastKnownFileType = unknown; name = "Rubik-Regular.ttf"; path = "../src/assets/fonts/Rubik/Rubik-Regular.ttf"; sourceTree = "<group>"; };
		832D9BA8AE8B4022A983881C /* Rubik-MediumItalic.ttf */ = {isa = PBXFileReference; explicitFileType = undefined; fileEncoding = 9; includeInIndex = 0; lastKnownFileType = unknown; name = "Rubik-MediumItalic.ttf"; path = "../src/assets/fonts/Rubik/Rubik-MediumItalic.ttf"; sourceTree = "<group>"; };
		8D61ABB3D4EC7BD0D4B9E77D /* libPods-EpocketCash.a */ = {isa = PBXFileReference; explicitFileType = archive.ar; includeInIndex = 0; path = "libPods-EpocketCash.a"; sourceTree = BUILT_PRODUCTS_DIR; };
		980D170C751B492D8F80F736 /* MaterialIcons.ttf */ = {isa = PBXFileReference; explicitFileType = undefined; fileEncoding = 9; includeInIndex = 0; lastKnownFileType = unknown; name = MaterialIcons.ttf; path = "../node_modules/native-base/Fonts/MaterialIcons.ttf"; sourceTree = "<group>"; };
		A0FEAF16BB0F46A2857876ED /* Entypo.ttf */ = {isa = PBXFileReference; explicitFileType = undefined; fileEncoding = 9; includeInIndex = 0; lastKnownFileType = unknown; name = Entypo.ttf; path = "../node_modules/native-base/Fonts/Entypo.ttf"; sourceTree = "<group>"; };
		A5A389162237DF5500F9C812 /* quest_fail.wav */ = {isa = PBXFileReference; lastKnownFileType = audio.wav; name = quest_fail.wav; path = ../android/app/src/main/res/raw/quest_fail.wav; sourceTree = "<group>"; };
		A5A389172237DF5500F9C812 /* clock_tick.wav */ = {isa = PBXFileReference; lastKnownFileType = audio.wav; name = clock_tick.wav; path = ../android/app/src/main/res/raw/clock_tick.wav; sourceTree = "<group>"; };
		A5A389182237DF5500F9C812 /* quest_complete.mp3 */ = {isa = PBXFileReference; lastKnownFileType = audio.mp3; name = quest_complete.mp3; path = ../android/app/src/main/res/raw/quest_complete.mp3; sourceTree = "<group>"; };
		ACEE521E1A6643DE97B15C10 /* rubicon-icon-font.ttf */ = {isa = PBXFileReference; explicitFileType = undefined; fileEncoding = 9; includeInIndex = 0; lastKnownFileType = unknown; name = "rubicon-icon-font.ttf"; path = "../node_modules/native-base/Fonts/rubicon-icon-font.ttf"; sourceTree = "<group>"; };
		AF8297859AC940B29F59C410 /* FontAwesome.ttf */ = {isa = PBXFileReference; explicitFileType = undefined; fileEncoding = 9; includeInIndex = 0; lastKnownFileType = unknown; name = FontAwesome.ttf; path = "../node_modules/native-base/Fonts/FontAwesome.ttf"; sourceTree = "<group>"; };
		B15CEB4AB522451A8CD8BB46 /* Rubik-BlackItalic.ttf */ = {isa = PBXFileReference; explicitFileType = undefined; fileEncoding = 9; includeInIndex = 0; lastKnownFileType = unknown; name = "Rubik-BlackItalic.ttf"; path = "../src/assets/fonts/Rubik/Rubik-BlackItalic.ttf"; sourceTree = "<group>"; };
		BA5772EDC44846D79BA3590D /* Ionicons.ttf */ = {isa = PBXFileReference; explicitFileType = undefined; fileEncoding = 9; includeInIndex = 0; lastKnownFileType = unknown; name = Ionicons.ttf; path = "../node_modules/native-base/Fonts/Ionicons.ttf"; sourceTree = "<group>"; };
		C00A89E4DBAE4BB288A969E7 /* Zocial.ttf */ = {isa = PBXFileReference; explicitFileType = undefined; fileEncoding = 9; includeInIndex = 0; lastKnownFileType = unknown; name = Zocial.ttf; path = "../node_modules/native-base/Fonts/Zocial.ttf"; sourceTree = "<group>"; };
		D96D77508BC148399D51CF35 /* Rubik-Bold.ttf */ = {isa = PBXFileReference; explicitFileType = undefined; fileEncoding = 9; includeInIndex = 0; lastKnownFileType = unknown; name = "Rubik-Bold.ttf"; path = "../src/assets/fonts/Rubik/Rubik-Bold.ttf"; sourceTree = "<group>"; };
		E491EBD0C6894115A34FC58D /* EvilIcons.ttf */ = {isa = PBXFileReference; explicitFileType = undefined; fileEncoding = 9; includeInIndex = 0; lastKnownFileType = unknown; name = EvilIcons.ttf; path = "../node_modules/native-base/Fonts/EvilIcons.ttf"; sourceTree = "<group>"; };
		EC9E7AB56841C2E1726262F9 /* Pods-EpocketCash.release.xcconfig */ = {isa = PBXFileReference; includeInIndex = 1; lastKnownFileType = text.xcconfig; name = "Pods-EpocketCash.release.xcconfig"; path = "Target Support Files/Pods-EpocketCash/Pods-EpocketCash.release.xcconfig"; sourceTree = "<group>"; };
		ED297162215061F000B7C4FE /* JavaScriptCore.framework */ = {isa = PBXFileReference; lastKnownFileType = wrapper.framework; name = JavaScriptCore.framework; path = System/Library/Frameworks/JavaScriptCore.framework; sourceTree = SDKROOT; };
		ED2971642150620600B7C4FE /* JavaScriptCore.framework */ = {isa = PBXFileReference; lastKnownFileType = wrapper.framework; name = JavaScriptCore.framework; path = Platforms/AppleTVOS.platform/Developer/SDKs/AppleTVOS12.0.sdk/System/Library/Frameworks/JavaScriptCore.framework; sourceTree = DEVELOPER_DIR; };
		F8178C5BB20643ED3A6E2E10 /* Pods-EpocketCash.debug.xcconfig */ = {isa = PBXFileReference; includeInIndex = 1; lastKnownFileType = text.xcconfig; name = "Pods-EpocketCash.debug.xcconfig"; path = "Target Support Files/Pods-EpocketCash/Pods-EpocketCash.debug.xcconfig"; sourceTree = "<group>"; };
		FE96AE24F2BF49D5BCC51106 /* MaterialCommunityIcons.ttf */ = {isa = PBXFileReference; explicitFileType = undefined; fileEncoding = 9; includeInIndex = 0; lastKnownFileType = unknown; name = MaterialCommunityIcons.ttf; path = "../node_modules/native-base/Fonts/MaterialCommunityIcons.ttf"; sourceTree = "<group>"; };
/* End PBXFileReference section */

/* Begin PBXFrameworksBuildPhase section */
		13B07F8C1A680F5B00A75B9A /* Frameworks */ = {
			isa = PBXFrameworksBuildPhase;
			buildActionMask = 2147483647;
			files = (
				1587E304215A6AF500350ADF /* Social.framework in Frameworks */,
				C96BA15EE702A2320F8B9EB0 /* libPods-EpocketCash.a in Frameworks */,
			);
			runOnlyForDeploymentPostprocessing = 0;
		};
/* End PBXFrameworksBuildPhase section */

/* Begin PBXGroup section */
		13B07FAE1A68108700A75B9A /* EpocketCash */ = {
			isa = PBXGroup;
			children = (
				A5A389172237DF5500F9C812 /* clock_tick.wav */,
				A5A389182237DF5500F9C812 /* quest_complete.mp3 */,
				A5A389162237DF5500F9C812 /* quest_fail.wav */,
				32553F1E211C0FA2003226A8 /* EpocketCash.entitlements */,
				326FB54D210220B50027636E /* RNBackgroundFetch+AppDelegate.m */,
				13B07FAF1A68108700A75B9A /* AppDelegate.h */,
				13B07FB01A68108700A75B9A /* AppDelegate.m */,
				13B07FB51A68108700A75B9A /* Images.xcassets */,
				13B07FB61A68108700A75B9A /* Info.plist */,
				3257B2A1212470C600D80C7E /* GoogleService-Info.plist */,
				13B07FB71A68108700A75B9A /* main.m */,
				32C5254B2109F3E1002525F2 /* Launch Screen.storyboard */,
				158329A621AC3DF800AB3794 /* InfoPlist.strings */,
			);
			name = EpocketCash;
			sourceTree = "<group>";
		};
		2D16E6871FA4F8E400B85C8A /* Frameworks */ = {
			isa = PBXGroup;
			children = (
				ED297162215061F000B7C4FE /* JavaScriptCore.framework */,
				ED2971642150620600B7C4FE /* JavaScriptCore.framework */,
				1587E305215A6B0100350ADF /* MessageUI.framework */,
				1587E303215A6AF500350ADF /* Social.framework */,
				8D61ABB3D4EC7BD0D4B9E77D /* libPods-EpocketCash.a */,
			);
			name = Frameworks;
			sourceTree = "<group>";
		};
		743B0D95D877468A8A2574B4 /* Resources */ = {
			isa = PBXGroup;
			children = (
				1D6C6FE612DB45F8B98D4BD1 /* Rubik-Black.ttf */,
				B15CEB4AB522451A8CD8BB46 /* Rubik-BlackItalic.ttf */,
				D96D77508BC148399D51CF35 /* Rubik-Bold.ttf */,
				3AFA52E8249C4D02BF040A96 /* Rubik-BoldItalic.ttf */,
				332A185408DB465EBFE63613 /* Rubik-Italic.ttf */,
				50FB5C25F8CC4361A2F610B8 /* Rubik-Light.ttf */,
				511814A1532F4C6BA4A83A76 /* Rubik-LightItalic.ttf */,
				2F77CBA48CBE4BE0AD3EA923 /* Rubik-Medium.ttf */,
				832D9BA8AE8B4022A983881C /* Rubik-MediumItalic.ttf */,
				5EA51E44F8B74DBCB63351C2 /* Rubik-Regular.ttf */,
				A0FEAF16BB0F46A2857876ED /* Entypo.ttf */,
				E491EBD0C6894115A34FC58D /* EvilIcons.ttf */,
				AF8297859AC940B29F59C410 /* FontAwesome.ttf */,
				097E387202BC41D1AFF466FF /* Foundation.ttf */,
				BA5772EDC44846D79BA3590D /* Ionicons.ttf */,
				FE96AE24F2BF49D5BCC51106 /* MaterialCommunityIcons.ttf */,
				980D170C751B492D8F80F736 /* MaterialIcons.ttf */,
				1588F5B983604D61AA4836C5 /* Octicons.ttf */,
				4DE00973334F4E50B322019E /* Roboto_medium.ttf */,
				3120522DDF2C45489C57F56E /* Roboto.ttf */,
				ACEE521E1A6643DE97B15C10 /* rubicon-icon-font.ttf */,
				36AA07AC67674B16849DBD34 /* SimpleLineIcons.ttf */,
				C00A89E4DBAE4BB288A969E7 /* Zocial.ttf */,
			);
			name = Resources;
			sourceTree = "<group>";
		};
		832341AE1AAA6A7D00B99B32 /* Libraries */ = {
			isa = PBXGroup;
			children = (
			);
			name = Libraries;
			sourceTree = "<group>";
		};
		83CBB9F61A601CBA00E9B192 = {
			isa = PBXGroup;
			children = (
				13B07FAE1A68108700A75B9A /* EpocketCash */,
				832341AE1AAA6A7D00B99B32 /* Libraries */,
				83CBBA001A601CBA00E9B192 /* Products */,
				2D16E6871FA4F8E400B85C8A /* Frameworks */,
				743B0D95D877468A8A2574B4 /* Resources */,
				AD3651EF1F1B2CEA4630E626 /* Pods */,
			);
			indentWidth = 2;
			sourceTree = "<group>";
			tabWidth = 2;
			usesTabs = 0;
		};
		83CBBA001A601CBA00E9B192 /* Products */ = {
			isa = PBXGroup;
			children = (
				13B07F961A680F5B00A75B9A /* EpocketCash.app */,
			);
			name = Products;
			sourceTree = "<group>";
		};
		AD3651EF1F1B2CEA4630E626 /* Pods */ = {
			isa = PBXGroup;
			children = (
				F8178C5BB20643ED3A6E2E10 /* Pods-EpocketCash.debug.xcconfig */,
				EC9E7AB56841C2E1726262F9 /* Pods-EpocketCash.release.xcconfig */,
			);
			path = Pods;
			sourceTree = "<group>";
		};
/* End PBXGroup section */

/* Begin PBXNativeTarget section */
		13B07F861A680F5B00A75B9A /* EpocketCash */ = {
			isa = PBXNativeTarget;
			buildConfigurationList = 13B07F931A680F5B00A75B9A /* Build configuration list for PBXNativeTarget "EpocketCash" */;
			buildPhases = (
				F405F55B9502977438ECA34A /* [CP] Check Pods Manifest.lock */,
				13B07F871A680F5B00A75B9A /* Sources */,
				13B07F8C1A680F5B00A75B9A /* Frameworks */,
				13B07F8E1A680F5B00A75B9A /* Resources */,
				00DD1BFF1BD5951E006B06BC /* Bundle React Native code and images */,
				32F048FC2292AE5E0056531D /* ShellScript */,
				BE4615D1DDEE2C95D9F81E6E /* [CP] Copy Pods Resources */,
			);
			buildRules = (
			);
			dependencies = (
			);
			name = EpocketCash;
			productName = "Hello World";
			productReference = 13B07F961A680F5B00A75B9A /* EpocketCash.app */;
			productType = "com.apple.product-type.application";
		};
/* End PBXNativeTarget section */

/* Begin PBXProject section */
		83CBB9F71A601CBA00E9B192 /* Project object */ = {
			isa = PBXProject;
			attributes = {
				LastUpgradeCheck = 1020;
				ORGANIZATIONNAME = Facebook;
				TargetAttributes = {
					13B07F861A680F5B00A75B9A = {
						SystemCapabilities = {
							com.apple.BackgroundModes = {
								enabled = 1;
							};
							com.apple.Push = {
								enabled = 1;
							};
						};
					};
				};
			};
			buildConfigurationList = 83CBB9FA1A601CBA00E9B192 /* Build configuration list for PBXProject "EpocketCash" */;
			compatibilityVersion = "Xcode 10.0";
			developmentRegion = en;
			hasScannedForEncodings = 0;
			knownRegions = (
				en,
				Base,
				ru,
			);
			mainGroup = 83CBB9F61A601CBA00E9B192;
			productRefGroup = 83CBBA001A601CBA00E9B192 /* Products */;
			projectDirPath = "";
			projectRoot = "";
			targets = (
				13B07F861A680F5B00A75B9A /* EpocketCash */,
			);
		};
/* End PBXProject section */

/* Begin PBXResourcesBuildPhase section */
		13B07F8E1A680F5B00A75B9A /* Resources */ = {
			isa = PBXResourcesBuildPhase;
			buildActionMask = 2147483647;
			files = (
				13B07FBF1A68108700A75B9A /* Images.xcassets in Resources */,
				C04B1BD456B44B069A334A9D /* Rubik-Black.ttf in Resources */,
				B492E2CA7AA8454B9321BB7D /* Rubik-BlackItalic.ttf in Resources */,
				F7CDE7A7791C48F590CB09A3 /* Rubik-Bold.ttf in Resources */,
				F631691D8B4F45E294C20079 /* Rubik-BoldItalic.ttf in Resources */,
				D186B0D9E0CA4FDEB28209C5 /* Rubik-Italic.ttf in Resources */,
				D1D7BB474BAB4761B23CA444 /* Rubik-Light.ttf in Resources */,
				461014632EC84CB6827E3933 /* Rubik-LightItalic.ttf in Resources */,
				F93875B93B074B6A8E129D06 /* Rubik-Medium.ttf in Resources */,
				4AB58759998A4713A6227782 /* Rubik-MediumItalic.ttf in Resources */,
				A5A3891A2237DF5600F9C812 /* clock_tick.wav in Resources */,
				42F60399E8384E599979D1F5 /* Rubik-Regular.ttf in Resources */,
				55914A7329C04672BEE60F2A /* Entypo.ttf in Resources */,
				8B21EE2BCF8E487CB6E0E75D /* EvilIcons.ttf in Resources */,
				3257B2A2212470C600D80C7E /* GoogleService-Info.plist in Resources */,
				32C5254C2109F3E1002525F2 /* Launch Screen.storyboard in Resources */,
				2B1B95D5877145BEBBC5BE4E /* FontAwesome.ttf in Resources */,
				158329A421AC3DF800AB3794 /* InfoPlist.strings in Resources */,
				46A93BD644D247FBAAD3BEB7 /* Foundation.ttf in Resources */,
				C5C3990C69A946568D2E53CC /* Ionicons.ttf in Resources */,
				A5A389192237DF5600F9C812 /* quest_fail.wav in Resources */,
				ADBFF13315CE4A06BFD3F0CF /* MaterialCommunityIcons.ttf in Resources */,
				A5A3891B2237DF5600F9C812 /* quest_complete.mp3 in Resources */,
				7747F44ED10349ABAF72FF9D /* MaterialIcons.ttf in Resources */,
				3396C63851854659A5B29DDB /* Octicons.ttf in Resources */,
				5745E982AA794FEDBC46D090 /* Roboto_medium.ttf in Resources */,
				67D70D34036643328D880D4A /* Roboto.ttf in Resources */,
				04759FCF1AAF4A859C4E25FF /* SimpleLineIcons.ttf in Resources */,
				4D2A64F4C2A248D88CFC0A6A /* Zocial.ttf in Resources */,
			);
			runOnlyForDeploymentPostprocessing = 0;
		};
/* End PBXResourcesBuildPhase section */

/* Begin PBXShellScriptBuildPhase section */
		00DD1BFF1BD5951E006B06BC /* Bundle React Native code and images */ = {
			isa = PBXShellScriptBuildPhase;
			buildActionMask = 2147483647;
			files = (
			);
			inputPaths = (
			);
			name = "Bundle React Native code and images";
			outputPaths = (
			);
			runOnlyForDeploymentPostprocessing = 0;
			shellPath = /bin/sh;
			shellScript = "export NODE_BINARY=node\n../node_modules/react-native/scripts/react-native-xcode.sh\n";
		};
		32F048FC2292AE5E0056531D /* ShellScript */ = {
			isa = PBXShellScriptBuildPhase;
			buildActionMask = 2147483647;
			files = (
			);
			inputFileListPaths = (
			);
			inputPaths = (
			);
			outputFileListPaths = (
			);
			outputPaths = (
			);
			runOnlyForDeploymentPostprocessing = 0;
			shellPath = /bin/sh;
			shellScript = "# Type a script or drag a script file from your workspace to insert its path.\n\"${PODS_ROOT}/Fabric/run\"\n";
		};
		BE4615D1DDEE2C95D9F81E6E /* [CP] Copy Pods Resources */ = {
			isa = PBXShellScriptBuildPhase;
			buildActionMask = 2147483647;
			files = (
			);
			inputFileListPaths = (
				"${PODS_ROOT}/Target Support Files/Pods-EpocketCash/Pods-EpocketCash-resources-${CONFIGURATION}-input-files.xcfilelist",
			);
			name = "[CP] Copy Pods Resources";
			outputFileListPaths = (
				"${PODS_ROOT}/Target Support Files/Pods-EpocketCash/Pods-EpocketCash-resources-${CONFIGURATION}-output-files.xcfilelist",
			);
			runOnlyForDeploymentPostprocessing = 0;
			shellPath = /bin/sh;
			shellScript = "\"${PODS_ROOT}/Target Support Files/Pods-EpocketCash/Pods-EpocketCash-resources.sh\"\n";
			showEnvVarsInLog = 0;
		};
		F405F55B9502977438ECA34A /* [CP] Check Pods Manifest.lock */ = {
			isa = PBXShellScriptBuildPhase;
			buildActionMask = 2147483647;
			files = (
			);
			inputFileListPaths = (
			);
			inputPaths = (
				"${PODS_PODFILE_DIR_PATH}/Podfile.lock",
				"${PODS_ROOT}/Manifest.lock",
			);
			name = "[CP] Check Pods Manifest.lock";
			outputFileListPaths = (
			);
			outputPaths = (
				"$(DERIVED_FILE_DIR)/Pods-EpocketCash-checkManifestLockResult.txt",
			);
			runOnlyForDeploymentPostprocessing = 0;
			shellPath = /bin/sh;
			shellScript = "diff \"${PODS_PODFILE_DIR_PATH}/Podfile.lock\" \"${PODS_ROOT}/Manifest.lock\" > /dev/null\nif [ $? != 0 ] ; then\n    # print error to STDERR\n    echo \"error: The sandbox is not in sync with the Podfile.lock. Run 'pod install' or update your CocoaPods installation.\" >&2\n    exit 1\nfi\n# This output is used by Xcode 'outputs' to avoid re-running this script phase.\necho \"SUCCESS\" > \"${SCRIPT_OUTPUT_FILE_0}\"\n";
			showEnvVarsInLog = 0;
		};
/* End PBXShellScriptBuildPhase section */

/* Begin PBXSourcesBuildPhase section */
		13B07F871A680F5B00A75B9A /* Sources */ = {
			isa = PBXSourcesBuildPhase;
			buildActionMask = 2147483647;
			files = (
				326FB575210220B50027636E /* RNBackgroundFetch+AppDelegate.m in Sources */,
				13B07FBC1A68108700A75B9A /* AppDelegate.m in Sources */,
				13B07FC11A68108700A75B9A /* main.m in Sources */,
			);
			runOnlyForDeploymentPostprocessing = 0;
		};
/* End PBXSourcesBuildPhase section */

/* Begin PBXVariantGroup section */
		158329A621AC3DF800AB3794 /* InfoPlist.strings */ = {
			isa = PBXVariantGroup;
			children = (
				158329A521AC3DF800AB3794 /* en */,
				158329A721AC3E0000AB3794 /* ru */,
			);
			name = InfoPlist.strings;
			sourceTree = "<group>";
		};
/* End PBXVariantGroup section */

/* Begin XCBuildConfiguration section */
		13B07F941A680F5B00A75B9A /* Debug */ = {
			isa = XCBuildConfiguration;
			baseConfigurationReference = F8178C5BB20643ED3A6E2E10 /* Pods-EpocketCash.debug.xcconfig */;
			buildSettings = {
				ASSETCATALOG_COMPILER_APPICON_NAME = AppIcon;
				ASSETCATALOG_COMPILER_LAUNCHIMAGE_NAME = LaunchImage;
				CODE_SIGN_ENTITLEMENTS = EpocketCash/EpocketCash.entitlements;
				CODE_SIGN_IDENTITY = "iPhone Developer";
				CODE_SIGN_STYLE = Automatic;
				CURRENT_PROJECT_VERSION = 4;
				DEAD_CODE_STRIPPING = NO;
				DEVELOPMENT_TEAM = 67CT3EL4VP;
				ENABLE_BITCODE = NO;
				HEADER_SEARCH_PATHS = (
					"$(inherited)",
					"$(SRCROOT)/../node_modules/react-native-firebase/ios/RNFirebase/**",
					"\"$(SRCROOT)/../node_modules/react-native/React\"",
				);
				INFOPLIST_FILE = EpocketCash/Info.plist;
				IPHONEOS_DEPLOYMENT_TARGET = 10.3;
				LD_RUNPATH_SEARCH_PATHS = (
					"$(inherited)",
					"@executable_path/Frameworks",
				);
				LIBRARY_SEARCH_PATHS = "$(inherited)";
				MARKETING_VERSION = 4.3;
				NEW_SETTING = "";
				OTHER_LDFLAGS = (
					"$(inherited)",
					"-ObjC",
					"-lc++",
				);
				PRODUCT_BUNDLE_IDENTIFIER = club.dvlp.epocket;
				PRODUCT_NAME = EpocketCash;
				PROVISIONING_PROFILE_SPECIFIER = "";
				TARGETED_DEVICE_FAMILY = 1;
				VERSIONING_SYSTEM = "apple-generic";
			};
			name = Debug;
		};
		13B07F951A680F5B00A75B9A /* Release */ = {
			isa = XCBuildConfiguration;
			baseConfigurationReference = EC9E7AB56841C2E1726262F9 /* Pods-EpocketCash.release.xcconfig */;
			buildSettings = {
				ASSETCATALOG_COMPILER_APPICON_NAME = AppIcon;
				ASSETCATALOG_COMPILER_LAUNCHIMAGE_NAME = LaunchImage;
				CODE_SIGN_ENTITLEMENTS = EpocketCash/EpocketCash.entitlements;
				CODE_SIGN_IDENTITY = "iPhone Developer";
				CODE_SIGN_STYLE = Automatic;
				CURRENT_PROJECT_VERSION = 4;
				DEVELOPMENT_TEAM = 67CT3EL4VP;
				ENABLE_BITCODE = NO;
				HEADER_SEARCH_PATHS = (
					"$(inherited)",
					"$(SRCROOT)/../node_modules/react-native-firebase/ios/RNFirebase/**",
					"\"$(SRCROOT)/../node_modules/react-native/React\"",
				);
				INFOPLIST_FILE = EpocketCash/Info.plist;
				IPHONEOS_DEPLOYMENT_TARGET = 10.3;
				LD_RUNPATH_SEARCH_PATHS = (
					"$(inherited)",
					"@executable_path/Frameworks",
				);
				LIBRARY_SEARCH_PATHS = "$(inherited)";
				MARKETING_VERSION = 4.3;
				NEW_SETTING = "";
				OTHER_LDFLAGS = (
					"$(inherited)",
					"-ObjC",
					"-lc++",
				);
				PRODUCT_BUNDLE_IDENTIFIER = club.dvlp.epocket;
				PRODUCT_NAME = EpocketCash;
				PROVISIONING_PROFILE_SPECIFIER = "";
				TARGETED_DEVICE_FAMILY = 1;
				VERSIONING_SYSTEM = "apple-generic";
			};
			name = Release;
		};
		83CBBA201A601CBA00E9B192 /* Debug */ = {
			isa = XCBuildConfiguration;
			buildSettings = {
				ALWAYS_SEARCH_USER_PATHS = NO;
				CLANG_ANALYZER_LOCALIZABILITY_NONLOCALIZED = YES;
				CLANG_CXX_LANGUAGE_STANDARD = "gnu++0x";
				CLANG_CXX_LIBRARY = "libc++";
				CLANG_ENABLE_MODULES = YES;
				CLANG_ENABLE_OBJC_ARC = YES;
				CLANG_WARN_BLOCK_CAPTURE_AUTORELEASING = YES;
				CLANG_WARN_BOOL_CONVERSION = YES;
				CLANG_WARN_COMMA = YES;
				CLANG_WARN_CONSTANT_CONVERSION = YES;
				CLANG_WARN_DEPRECATED_OBJC_IMPLEMENTATIONS = YES;
				CLANG_WARN_DIRECT_OBJC_ISA_USAGE = YES_ERROR;
				CLANG_WARN_EMPTY_BODY = YES;
				CLANG_WARN_ENUM_CONVERSION = YES;
				CLANG_WARN_INFINITE_RECURSION = YES;
				CLANG_WARN_INT_CONVERSION = YES;
				CLANG_WARN_NON_LITERAL_NULL_CONVERSION = YES;
				CLANG_WARN_OBJC_IMPLICIT_RETAIN_SELF = YES;
				CLANG_WARN_OBJC_LITERAL_CONVERSION = YES;
				CLANG_WARN_OBJC_ROOT_CLASS = YES_ERROR;
				CLANG_WARN_RANGE_LOOP_ANALYSIS = YES;
				CLANG_WARN_STRICT_PROTOTYPES = YES;
				CLANG_WARN_SUSPICIOUS_MOVE = YES;
				CLANG_WARN_UNREACHABLE_CODE = YES;
				CLANG_WARN__DUPLICATE_METHOD_MATCH = YES;
				"CODE_SIGN_IDENTITY[sdk=iphoneos*]" = "iPhone Developer";
				COPY_PHASE_STRIP = NO;
				ENABLE_STRICT_OBJC_MSGSEND = YES;
				ENABLE_TESTABILITY = YES;
				GCC_C_LANGUAGE_STANDARD = gnu99;
				GCC_DYNAMIC_NO_PIC = NO;
				GCC_NO_COMMON_BLOCKS = YES;
				GCC_OPTIMIZATION_LEVEL = 0;
				GCC_PREPROCESSOR_DEFINITIONS = (
					"DEBUG=1",
					"$(inherited)",
				);
				GCC_SYMBOLS_PRIVATE_EXTERN = NO;
				GCC_WARN_64_TO_32_BIT_CONVERSION = YES;
				GCC_WARN_ABOUT_RETURN_TYPE = YES_ERROR;
				GCC_WARN_UNDECLARED_SELECTOR = YES;
				GCC_WARN_UNINITIALIZED_AUTOS = YES_AGGRESSIVE;
				GCC_WARN_UNUSED_FUNCTION = YES;
				GCC_WARN_UNUSED_VARIABLE = YES;
				IPHONEOS_DEPLOYMENT_TARGET = 10.3;
				MTL_ENABLE_DEBUG_INFO = YES;
				ONLY_ACTIVE_ARCH = YES;
				SDKROOT = iphoneos;
			};
			name = Debug;
		};
		83CBBA211A601CBA00E9B192 /* Release */ = {
			isa = XCBuildConfiguration;
			buildSettings = {
				ALWAYS_SEARCH_USER_PATHS = NO;
				CLANG_ANALYZER_LOCALIZABILITY_NONLOCALIZED = YES;
				CLANG_CXX_LANGUAGE_STANDARD = "gnu++0x";
				CLANG_CXX_LIBRARY = "libc++";
				CLANG_ENABLE_MODULES = YES;
				CLANG_ENABLE_OBJC_ARC = YES;
				CLANG_WARN_BLOCK_CAPTURE_AUTORELEASING = YES;
				CLANG_WARN_BOOL_CONVERSION = YES;
				CLANG_WARN_COMMA = YES;
				CLANG_WARN_CONSTANT_CONVERSION = YES;
				CLANG_WARN_DEPRECATED_OBJC_IMPLEMENTATIONS = YES;
				CLANG_WARN_DIRECT_OBJC_ISA_USAGE = YES_ERROR;
				CLANG_WARN_EMPTY_BODY = YES;
				CLANG_WARN_ENUM_CONVERSION = YES;
				CLANG_WARN_INFINITE_RECURSION = YES;
				CLANG_WARN_INT_CONVERSION = YES;
				CLANG_WARN_NON_LITERAL_NULL_CONVERSION = YES;
				CLANG_WARN_OBJC_IMPLICIT_RETAIN_SELF = YES;
				CLANG_WARN_OBJC_LITERAL_CONVERSION = YES;
				CLANG_WARN_OBJC_ROOT_CLASS = YES_ERROR;
				CLANG_WARN_RANGE_LOOP_ANALYSIS = YES;
				CLANG_WARN_STRICT_PROTOTYPES = YES;
				CLANG_WARN_SUSPICIOUS_MOVE = YES;
				CLANG_WARN_UNREACHABLE_CODE = YES;
				CLANG_WARN__DUPLICATE_METHOD_MATCH = YES;
				"CODE_SIGN_IDENTITY[sdk=iphoneos*]" = "iPhone Developer";
				COPY_PHASE_STRIP = YES;
				ENABLE_NS_ASSERTIONS = NO;
				ENABLE_STRICT_OBJC_MSGSEND = YES;
				GCC_C_LANGUAGE_STANDARD = gnu99;
				GCC_NO_COMMON_BLOCKS = YES;
				GCC_WARN_64_TO_32_BIT_CONVERSION = YES;
				GCC_WARN_ABOUT_RETURN_TYPE = YES_ERROR;
				GCC_WARN_UNDECLARED_SELECTOR = YES;
				GCC_WARN_UNINITIALIZED_AUTOS = YES_AGGRESSIVE;
				GCC_WARN_UNUSED_FUNCTION = YES;
				GCC_WARN_UNUSED_VARIABLE = YES;
				IPHONEOS_DEPLOYMENT_TARGET = 10.3;
				MTL_ENABLE_DEBUG_INFO = NO;
				SDKROOT = iphoneos;
				VALIDATE_PRODUCT = YES;
			};
			name = Release;
		};
/* End XCBuildConfiguration section */

/* Begin XCConfigurationList section */
		13B07F931A680F5B00A75B9A /* Build configuration list for PBXNativeTarget "EpocketCash" */ = {
			isa = XCConfigurationList;
			buildConfigurations = (
				13B07F941A680F5B00A75B9A /* Debug */,
				13B07F951A680F5B00A75B9A /* Release */,
			);
			defaultConfigurationIsVisible = 0;
			defaultConfigurationName = Release;
		};
		83CBB9FA1A601CBA00E9B192 /* Build configuration list for PBXProject "EpocketCash" */ = {
			isa = XCConfigurationList;
			buildConfigurations = (
				83CBBA201A601CBA00E9B192 /* Debug */,
				83CBBA211A601CBA00E9B192 /* Release */,
			);
			defaultConfigurationIsVisible = 0;
			defaultConfigurationName = Release;
		};
/* End XCConfigurationList section */
	};
	rootObject = 83CBB9F71A601CBA00E9B192 /* Project object */;
}
