PODS:
  - Bolts (1.9.0):
    - Bolts/AppLinks (= 1.9.0)
    - Bolts/Tasks (= 1.9.0)
  - Bolts/AppLinks (1.9.0):
    - Bolts/Tasks
  - Bolts/Tasks (1.9.0)
  - boost-for-react-native (1.63.0)
  - BVLinearGradient (2.5.3):
    - React
  - CocoaLumberjack (3.5.1):
    - CocoaLumberjack/Core (= 3.5.1)
  - CocoaLumberjack/Core (3.5.1)
  - Crashlytics (3.12.0):
    - Fabric (~> 1.9.0)
  - DoubleConversion (1.1.6)
  - Fabric (1.9.0)
  - FBSDKCoreKit (4.40.0):
    - Bolts (~> 1.9)
  - FBSDKLoginKit (4.40.0):
    - FBSDKCoreKit
  - FBSDKShareKit (4.40.0):
    - FBSDKCoreKit
  - Firebase/Core (5.17.0):
    - Firebase/CoreOnly
    - FirebaseAnalytics (= 5.6.0)
  - Firebase/CoreOnly (5.17.0):
    - FirebaseCore (= 5.3.0)
  - Firebase/Messaging (5.17.0):
    - Firebase/CoreOnly
    - FirebaseMessaging (= 3.3.1)
  - FirebaseAnalytics (5.6.0):
    - FirebaseCore (~> 5.3)
    - FirebaseInstanceID (~> 3.5)
    - GoogleAppMeasurement (= 5.6.0)
    - GoogleUtilities/AppDelegateSwizzler (~> 5.2)
    - GoogleUtilities/MethodSwizzler (~> 5.2)
    - GoogleUtilities/Network (~> 5.2)
    - "GoogleUtilities/NSData+zlib (~> 5.2)"
    - nanopb (~> 0.3)
  - FirebaseAnalyticsInterop (1.2.0)
  - FirebaseCore (5.3.0):
    - GoogleUtilities/Logger (~> 5.2)
  - FirebaseInstanceID (3.5.0):
    - FirebaseCore (~> 5.3)
    - GoogleUtilities/Environment (~> 5.3)
    - GoogleUtilities/UserDefaults (~> 5.3)
  - FirebaseMessaging (3.3.1):
    - FirebaseAnalyticsInterop (~> 1.1)
    - FirebaseCore (~> 5.2)
    - FirebaseInstanceID (~> 3.4)
    - GoogleUtilities/Environment (~> 5.2)
    - GoogleUtilities/Reachability (~> 5.2)
    - Protobuf (~> 3.1)
  - FLAnimatedImage (1.0.12)
  - Folly (2016.10.31.00):
    - boost-for-react-native
    - DoubleConversion
    - glog
  - glog (0.3.5)
  - Google-Maps-iOS-Utils (2.1.0):
    - Google-Maps-iOS-Utils/Clustering (= 2.1.0)
    - Google-Maps-iOS-Utils/Geometry (= 2.1.0)
    - Google-Maps-iOS-Utils/Heatmap (= 2.1.0)
    - Google-Maps-iOS-Utils/QuadTree (= 2.1.0)
    - GoogleMaps
  - Google-Maps-iOS-Utils/Clustering (2.1.0):
    - Google-Maps-iOS-Utils/QuadTree
    - GoogleMaps
  - Google-Maps-iOS-Utils/Geometry (2.1.0):
    - GoogleMaps
  - Google-Maps-iOS-Utils/Heatmap (2.1.0):
    - Google-Maps-iOS-Utils/QuadTree
    - GoogleMaps
  - Google-Maps-iOS-Utils/QuadTree (2.1.0):
    - GoogleMaps
  - GoogleAppMeasurement (5.6.0):
    - GoogleUtilities/AppDelegateSwizzler (~> 5.2)
    - GoogleUtilities/MethodSwizzler (~> 5.2)
    - GoogleUtilities/Network (~> 5.2)
    - "GoogleUtilities/NSData+zlib (~> 5.2)"
    - nanopb (~> 0.3)
  - GoogleMaps (2.5.0):
    - GoogleMaps/Maps (= 2.5.0)
  - GoogleMaps/Base (2.5.0)
  - GoogleMaps/Maps (2.5.0):
    - GoogleMaps/Base
  - GoogleUtilities/AppDelegateSwizzler (5.3.7):
    - GoogleUtilities/Environment
    - GoogleUtilities/Logger
    - GoogleUtilities/Network
  - GoogleUtilities/Environment (5.3.7)
  - GoogleUtilities/Logger (5.3.7):
    - GoogleUtilities/Environment
  - GoogleUtilities/MethodSwizzler (5.3.7):
    - GoogleUtilities/Logger
  - GoogleUtilities/Network (5.3.7):
    - GoogleUtilities/Logger
    - "GoogleUtilities/NSData+zlib"
    - GoogleUtilities/Reachability
  - "GoogleUtilities/NSData+zlib (5.3.7)"
  - GoogleUtilities/Reachability (5.3.7):
    - GoogleUtilities/Logger
  - GoogleUtilities/UserDefaults (5.3.7):
    - GoogleUtilities/Logger
  - jail-monkey (2.1.1):
    - React
  - nanopb (0.3.901):
    - nanopb/decode (= 0.3.901)
    - nanopb/encode (= 0.3.901)
  - nanopb/decode (0.3.901)
  - nanopb/encode (0.3.901)
  - Protobuf (3.6.1)
  - React (0.57.5):
    - React/Core (= 0.57.5)
  - react-native-camera (2.6.0):
    - React
    - react-native-camera/RCT (= 2.6.0)
    - react-native-camera/RN (= 2.6.0)
  - react-native-camera/RCT (2.6.0):
    - React
  - react-native-camera/RN (2.6.0):
    - React
  - react-native-fast-image (5.1.1):
    - FLAnimatedImage
    - React
    - SDWebImage/Core
    - SDWebImage/GIF
  - react-native-fbsdk (0.8.0):
    - React
    - react-native-fbsdk/Core (= 0.8.0)
    - react-native-fbsdk/Login (= 0.8.0)
    - react-native-fbsdk/Share (= 0.8.0)
  - react-native-fbsdk/Core (0.8.0):
    - FBSDKCoreKit
    - React
  - react-native-fbsdk/Login (0.8.0):
    - FBSDKLoginKit
    - React
  - react-native-fbsdk/Share (0.8.0):
    - FBSDKShareKit
    - React
  - react-native-google-maps (0.22.1):
    - Google-Maps-iOS-Utils (= 2.1.0)
    - GoogleMaps (= 2.5.0)
    - React
  - react-native-image-picker (0.14.3):
    - React
  - react-native-maps (0.22.1):
    - React
  - React/Core (0.57.5):
    - yoga (= 0.57.5.React)
  - React/CxxBridge (0.57.5):
    - Folly (= 2016.10.31.00)
    - React/Core
    - React/cxxreact
  - React/cxxreact (0.57.5):
    - boost-for-react-native (= 1.63.0)
    - Folly (= 2016.10.31.00)
    - React/jschelpers
    - React/jsinspector
  - React/DevSupport (0.57.5):
    - React/Core
    - React/RCTWebSocket
  - React/fishhook (0.57.5)
  - React/jschelpers (0.57.5):
    - Folly (= 2016.10.31.00)
    - React/PrivateDatabase
  - React/jsinspector (0.57.5)
  - React/PrivateDatabase (0.57.5)
  - React/RCTActionSheet (0.57.5):
    - React/Core
  - React/RCTAnimation (0.57.5):
    - React/Core
  - React/RCTBlob (0.57.5):
    - React/Core
  - React/RCTGeolocation (0.57.5):
    - React/Core
  - React/RCTImage (0.57.5):
    - React/Core
    - React/RCTNetwork
  - React/RCTLinkingIOS (0.57.5):
    - React/Core
  - React/RCTNetwork (0.57.5):
    - React/Core
  - React/RCTSettings (0.57.5):
    - React/Core
  - React/RCTText (0.57.5):
    - React/Core
  - React/RCTVibration (0.57.5):
    - React/Core
  - React/RCTWebSocket (0.57.5):
    - React/Core
    - React/fishhook
    - React/RCTBlob
  - ReactNativeFabric (0.5.2):
    - Crashlytics
    - Fabric
    - React
  - ReactNativePermissions (1.1.1):
    - React
  - rn-fetch-blob (0.10.6):
    - React/Core
  - RNBackgroundFetch (2.4.4):
    - React
  - RNBackgroundGeolocation (2.14.2):
    - CocoaLumberjack (~> 3.0)
    - React
  - RNFS (2.13.3):
    - React
  - RNInstagramStoryShare (0.1.0):
    - React
  - RNSound (0.10.9):
    - React/Core
    - RNSound/Core (= 0.10.9)
  - RNSound/Core (0.10.9):
    - React/Core
  - RNSVG (9.2.3):
    - React
  - RNVectorIcons (6.1.0):
    - React
  - SDWebImage/Core (4.4.5)
  - SDWebImage/GIF (4.4.5):
    - FLAnimatedImage (~> 1.0)
    - SDWebImage/Core
  - yoga (0.57.5.React)

DEPENDENCIES:
  - BVLinearGradient (from `../node_modules/react-native-linear-gradient`)
  - Crashlytics
  - DoubleConversion (from `../node_modules/react-native/third-party-podspecs/DoubleConversion.podspec`)
  - Fabric
  - Firebase/Core
  - Firebase/Messaging
  - Folly (from `../node_modules/react-native/third-party-podspecs/Folly.podspec`)
  - glog (from `../node_modules/react-native/third-party-podspecs/glog.podspec`)
  - Google-Maps-iOS-Utils
  - GoogleMaps
  - jail-monkey (from `../node_modules/jail-monkey`)
  - react-native-camera (from `../node_modules/react-native-camera`)
  - react-native-fast-image (from `../node_modules/react-native-fast-image`)
  - react-native-fbsdk (from `../node_modules/react-native-fbsdk`)
  - react-native-google-maps (from `../node_modules/react-native-maps`)
  - react-native-image-picker (from `../node_modules/react-native-image-picker`)
  - react-native-maps (from `../node_modules/react-native-maps`)
  - React/Core (from `../node_modules/react-native`)
  - React/CxxBridge (from `../node_modules/react-native`)
  - React/DevSupport (from `../node_modules/react-native`)
  - React/RCTActionSheet (from `../node_modules/react-native`)
  - React/RCTAnimation (from `../node_modules/react-native`)
  - React/RCTGeolocation (from `../node_modules/react-native`)
  - React/RCTImage (from `../node_modules/react-native`)
  - React/RCTLinkingIOS (from `../node_modules/react-native`)
  - React/RCTNetwork (from `../node_modules/react-native`)
  - React/RCTSettings (from `../node_modules/react-native`)
  - React/RCTText (from `../node_modules/react-native`)
  - React/RCTVibration (from `../node_modules/react-native`)
  - React/RCTWebSocket (from `../node_modules/react-native`)
  - ReactNativeFabric (from `../node_modules/react-native-fabric`)
  - ReactNativePermissions (from `../node_modules/react-native-permissions`)
  - rn-fetch-blob (from `../node_modules/rn-fetch-blob`)
  - RNBackgroundFetch (from `../node_modules/react-native-background-fetch`)
  - RNBackgroundGeolocation (from `../node_modules/react-native-background-geolocation`)
  - RNFS (from `../node_modules/react-native-fs`)
  - RNInstagramStoryShare (from `../node_modules/react-native-instagram-story-share/ios`)
  - RNSound (from `../node_modules/react-native-sound`)
  - RNSVG (from `../node_modules/react-native-svg`)
  - RNVectorIcons (from `../node_modules/react-native-vector-icons`)
  - yoga (from `../node_modules/react-native/ReactCommon/yoga/yoga.podspec`)

SPEC REPOS:
  https://github.com/cocoapods/specs.git:
    - Bolts
    - boost-for-react-native
    - CocoaLumberjack
    - Crashlytics
    - Fabric
    - FBSDKCoreKit
    - FBSDKLoginKit
    - FBSDKShareKit
    - Firebase
    - FirebaseAnalytics
    - FirebaseAnalyticsInterop
    - FirebaseCore
    - FirebaseInstanceID
    - FirebaseMessaging
    - FLAnimatedImage
    - Google-Maps-iOS-Utils
    - GoogleAppMeasurement
    - GoogleMaps
    - GoogleUtilities
    - nanopb
    - Protobuf
    - SDWebImage

EXTERNAL SOURCES:
  BVLinearGradient:
    :path: "../node_modules/react-native-linear-gradient"
  DoubleConversion:
    :podspec: "../node_modules/react-native/third-party-podspecs/DoubleConversion.podspec"
  Folly:
    :podspec: "../node_modules/react-native/third-party-podspecs/Folly.podspec"
  glog:
    :podspec: "../node_modules/react-native/third-party-podspecs/glog.podspec"
  jail-monkey:
    :path: "../node_modules/jail-monkey"
  React:
    :path: "../node_modules/react-native"
  react-native-camera:
    :path: "../node_modules/react-native-camera"
  react-native-fast-image:
    :path: "../node_modules/react-native-fast-image"
  react-native-fbsdk:
    :path: "../node_modules/react-native-fbsdk"
  react-native-google-maps:
    :path: "../node_modules/react-native-maps"
  react-native-image-picker:
    :path: "../node_modules/react-native-image-picker"
  react-native-maps:
    :path: "../node_modules/react-native-maps"
  ReactNativeFabric:
    :path: "../node_modules/react-native-fabric"
  ReactNativePermissions:
    :path: "../node_modules/react-native-permissions"
  rn-fetch-blob:
    :path: "../node_modules/rn-fetch-blob"
  RNBackgroundFetch:
    :path: "../node_modules/react-native-background-fetch"
  RNBackgroundGeolocation:
    :path: "../node_modules/react-native-background-geolocation"
  RNFS:
    :path: "../node_modules/react-native-fs"
  RNInstagramStoryShare:
    :path: "../node_modules/react-native-instagram-story-share/ios"
  RNSound:
    :path: "../node_modules/react-native-sound"
  RNSVG:
    :path: "../node_modules/react-native-svg"
  RNVectorIcons:
    :path: "../node_modules/react-native-vector-icons"
  yoga:
    :path: "../node_modules/react-native/ReactCommon/yoga/yoga.podspec"

SPEC CHECKSUMS:
  Bolts: ac6567323eac61e203f6a9763667d0f711be34c8
  boost-for-react-native: 39c7adb57c4e60d6c5479dd8623128eb5b3f0f2c
  BVLinearGradient: b0b70acf63ee888829b7c2ebbf6b50e227396e55
  CocoaLumberjack: 2101f8a5508197a305e737d16c5c2e9e2157628c
  Crashlytics: 07fb167b1694128c1c9a5a5cc319b0e9c3ca0933
  DoubleConversion: bb338842f62ab1d708ceb63ec3d999f0f3d98ecd
  Fabric: f988e33c97f08930a413e08123064d2e5f68d655
  FBSDKCoreKit: ae214474b25033399c131dc81d258e412582a2ba
  FBSDKLoginKit: 7a1e411d46acc8834588eca437daf34de42e1d52
  FBSDKShareKit: 0e45916f4150da485928ae2a17ca021950b194f5
  Firebase: 59d557e064217fab6a03ff00baa73c06e73832e6
  FirebaseAnalytics: 75e4bbc6417d190cc98ec1f17c41a4fad4c2c976
  FirebaseAnalyticsInterop: efbe45c8385ec626e29f9525e5ebd38520dfb6c1
  FirebaseCore: c0c4befb82374d6aef64d800e569f47625352edc
  FirebaseInstanceID: 4522aad88f69297622062c0e9ffccdee3dd9b151
  FirebaseMessaging: 08289db05bdc71d91fe70916de95bb0c3c86ca9b
  FLAnimatedImage: 4a0b56255d9b05f18b6dd7ee06871be5d3b89e31
  Folly: c89ac2d5c6ab169cd7397ef27485c44f35f742c7
  glog: e8acf0ebbf99759d3ff18c86c292a5898282dcde
  Google-Maps-iOS-Utils: c32891ff472eaaa1fca032beedafa1a013af7875
  GoogleAppMeasurement: 008e04ecd8efedd97a693aea8634aefe220bd26e
  GoogleMaps: c087b8e5dfe87ca6ebf59adb9b4894a4146bec4f
  GoogleUtilities: 111a012f4c3a29c9e7c954c082fafd6ee3c999c0
  jail-monkey: f62830045fe452550b248e3ecf788ef99b0b5ee1
  nanopb: 2901f78ea1b7b4015c860c2fdd1ea2fee1a18d48
  Protobuf: 1eb9700044745f00181c136ef21b8ff3ad5a0fd5
  React: 1fe0eb13d90b625d94c3b117c274dcfd2e760e11
  react-native-camera: 9c50d7def800895e7991ccda6203929553ceec9c
  react-native-fast-image: cba3d9bf9c2cf8ddb643d887a686c53a5dd90a2c
  react-native-fbsdk: d5f98cc5abecbcc463e3c35c04743d716d002d37
  react-native-google-maps: b946d62e25dc66097921ed82520e45b0b081768a
  react-native-image-picker: b303e31c3c4ada1d7cb1342423d328d2efb07fb3
  react-native-maps: 066c2afcc89e18726377bcc685315f989ca22449
  ReactNativeFabric: 01c1333f76fd4708a5833d71f0a4832a9266bf0f
  ReactNativePermissions: 9f2d9c45c98800795e6c2ed330e25d11a66a8169
  rn-fetch-blob: 76a8f798dae965bbcd146a2438f2e1d381c91ae3
  RNBackgroundFetch: 8c4f77f83c398c659bce82af2f0a885079417b9e
  RNBackgroundGeolocation: c9bbf69b9aa277f0b46754cc5f853bd26051a18f
  RNFS: bbb1a64eb245763daf34aea86f97c97c4e85f74c
  RNInstagramStoryShare: eca347b80831872ffa40e80111cb7f32d567c299
  RNSound: b360b3862d3118ed1c74bb9825696b5957686ac4
  RNSVG: 4834be1d644eb77f0e3f6de851881b83758a3124
  RNVectorIcons: 8c52e1e8da1153613fdef44748e865c25556cb9c
  SDWebImage: ecc03494e973b93b80213649d32175f8d2d17d4d
  yoga: b1ce48b6cf950b98deae82838f5173ea7cf89e85

PODFILE CHECKSUM: b855c1de207f7b6a150a4e01fb5d3f07ac62e089

COCOAPODS: 1.5.3
